{
  "version": 4,
  "terraform_version": "1.6.6",
  "serial": 30,
  "lineage": "79d517e0-e87b-c0e1-e53d-361404ba78ae",
  "outputs": {
    "output-ansible-hosts": {
      "value": "\n[bastion]\nbastion-host ansible_host=158.160.115.167 ansible_ssh_user=dml\n\n[webservers]\nweb1 ansible_host=web1.ru-central1.internal\nweb2 ansible_host=web2.ru-central1.internal\n\n[elastic]\nelastic-host ansible_host=elastic.ru-central1.internal\n\n[kibana]\nkibana-host ansible_host=kibana.ru-central1.internal\n\n[zabbix]\nzabbix-host ansible_host=zabbix.ru-central1.internal\n\n[webservers:vars]\nansible_ssh_user=dml\nansible_ssh_common_args='-o ProxyCommand=\"ssh -W %h:%p dml@158.160.115.167\"'\n\n[elastic:vars]\nansible_ssh_user=dml\nansible_ssh_common_args='-o ProxyCommand=\"ssh -W %h:%p dml@158.160.115.167\"'\n\n[kibana:vars]\nansible_ssh_user=dml\nansible_ssh_common_args='-o ProxyCommand=\"ssh -W %h:%p dml@158.160.115.167\"'\n\n[zabbix:vars]\nansible_ssh_user=dml\nansible_ssh_common_args='-o ProxyCommand=\"ssh -W %h:%p dml@158.160.115.167\"'\n\n",
      "type": "string"
    },
    "output-ip-host": {
      "value": "\nApp load balancer\nexternal = 158.160.129.253\n\nVM bastion\ninternal = bastion.ru-central1.internal\nexternal = 158.160.115.167\n\nVM web1\ninternal = web1.ru-central1.internal\n\nVM web2\ninternal = web2.ru-central1.internal\n\nVM Elastic\ninternal = elastic.ru-central1.internal\n\nVM Kibana\ninternal = kibana.ru-central1.internal\nexternal = 158.160.97.7\n\nVM Zabbix\ninternal = zabbix.ru-central1.internal\nexternal = 158.160.114.209\n\n",
      "type": "string"
    }
  },
  "resources": [
    {
      "mode": "managed",
      "type": "yandex_alb_backend_group",
      "name": "backend-group",
      "provider": "provider[\"registry.terraform.io/yandex-cloud/yandex\"]",
      "instances": [
        {
          "schema_version": 0,
          "attributes": {
            "created_at": "2024-02-22T15:34:48Z",
            "description": "",
            "folder_id": "b1gd90nbhjaagrfjjfel",
            "grpc_backend": [],
            "http_backend": [
              {
                "healthcheck": [
                  {
                    "grpc_healthcheck": [],
                    "healthcheck_port": 0,
                    "healthy_threshold": 10,
                    "http_healthcheck": [
                      {
                        "host": "",
                        "http2": false,
                        "path": "/"
                      }
                    ],
                    "interval": "2s",
                    "interval_jitter_percent": 0,
                    "stream_healthcheck": [],
                    "timeout": "10s",
                    "unhealthy_threshold": 15
                  }
                ],
                "http2": false,
                "load_balancing_config": [],
                "name": "backend-group",
                "port": 80,
                "storage_bucket": "",
                "target_group_ids": [
                  "ds7njuju854oo1ukaeba"
                ],
                "tls": [],
                "weight": 1
              }
            ],
            "id": "ds7tl0oj1sevpesjq5oh",
            "labels": null,
            "name": "backend-group",
            "session_affinity": [],
            "stream_backend": [],
            "timeouts": null
          },
          "sensitive_attributes": [],
          "private": "eyJlMmJmYjczMC1lY2FhLTExZTYtOGY4OC0zNDM2M2JjN2M0YzAiOnsiY3JlYXRlIjozMDAwMDAwMDAwMDAsImRlbGV0ZSI6MzAwMDAwMDAwMDAwLCJ1cGRhdGUiOjMwMDAwMDAwMDAwMH19",
          "dependencies": [
            "yandex_alb_target_group.target-group",
            "yandex_compute_instance.web1",
            "yandex_compute_instance.web2",
            "yandex_vpc_gateway.nat-gw",
            "yandex_vpc_network.network-1",
            "yandex_vpc_route_table.route-table",
            "yandex_vpc_security_group.sg-ssh",
            "yandex_vpc_security_group.sg-webserv",
            "yandex_vpc_subnet.subnet-main"
          ]
        }
      ]
    },
    {
      "mode": "managed",
      "type": "yandex_alb_http_router",
      "name": "http-router",
      "provider": "provider[\"registry.terraform.io/yandex-cloud/yandex\"]",
      "instances": [
        {
          "schema_version": 0,
          "attributes": {
            "created_at": "2024-02-22T15:33:55Z",
            "description": "",
            "folder_id": "b1gd90nbhjaagrfjjfel",
            "id": "ds7ve8gke3814acpbddj",
            "labels": null,
            "name": "http-router",
            "route_options": [],
            "timeouts": null
          },
          "sensitive_attributes": [],
          "private": "eyJlMmJmYjczMC1lY2FhLTExZTYtOGY4OC0zNDM2M2JjN2M0YzAiOnsiY3JlYXRlIjozMDAwMDAwMDAwMDAsImRlbGV0ZSI6MzAwMDAwMDAwMDAwLCJ1cGRhdGUiOjMwMDAwMDAwMDAwMH19"
        }
      ]
    },
    {
      "mode": "managed",
      "type": "yandex_alb_load_balancer",
      "name": "load-balancer",
      "provider": "provider[\"registry.terraform.io/yandex-cloud/yandex\"]",
      "instances": [
        {
          "schema_version": 0,
          "attributes": {
            "allocation_policy": [
              {
                "location": [
                  {
                    "disable_traffic": false,
                    "subnet_id": "e2lildtta808m6del13l",
                    "zone_id": "ru-central1-b"
                  },
                  {
                    "disable_traffic": false,
                    "subnet_id": "e9bg21jtk9bvt8augjqe",
                    "zone_id": "ru-central1-a"
                  }
                ]
              }
            ],
            "created_at": "2024-02-22T15:34:04Z",
            "description": "",
            "folder_id": "b1gd90nbhjaagrfjjfel",
            "id": "ds777ccmslkjc3iuebct",
            "labels": null,
            "listener": [
              {
                "endpoint": [
                  {
                    "address": [
                      {
                        "external_ipv4_address": [
                          {
                            "address": "158.160.129.253"
                          }
                        ],
                        "external_ipv6_address": [],
                        "internal_ipv4_address": []
                      }
                    ],
                    "ports": [
                      80
                    ]
                  }
                ],
                "http": [
                  {
                    "handler": [
                      {
                        "allow_http10": false,
                        "http2_options": [],
                        "http_router_id": "ds7ve8gke3814acpbddj",
                        "rewrite_request_id": false
                      }
                    ],
                    "redirects": []
                  }
                ],
                "name": "listener",
                "stream": [],
                "tls": []
              }
            ],
            "log_group_id": "",
            "log_options": [],
            "name": "load-balancer",
            "network_id": "enp89buthmg20j52g2ar",
            "region_id": "",
            "security_group_ids": [
              "enpc6l4sdkbevathkpe6"
            ],
            "status": "active",
            "timeouts": null
          },
          "sensitive_attributes": [],
          "private": "eyJlMmJmYjczMC1lY2FhLTExZTYtOGY4OC0zNDM2M2JjN2M0YzAiOnsiY3JlYXRlIjo2MDAwMDAwMDAwMDAsImRlbGV0ZSI6NjAwMDAwMDAwMDAwLCJ1cGRhdGUiOjYwMDAwMDAwMDAwMH19",
          "dependencies": [
            "yandex_alb_http_router.http-router",
            "yandex_vpc_gateway.nat-gw",
            "yandex_vpc_network.network-1",
            "yandex_vpc_route_table.route-table",
            "yandex_vpc_security_group.security-public-alb",
            "yandex_vpc_subnet.subnet-main"
          ]
        }
      ]
    },
    {
      "mode": "managed",
      "type": "yandex_alb_target_group",
      "name": "target-group",
      "provider": "provider[\"registry.terraform.io/yandex-cloud/yandex\"]",
      "instances": [
        {
          "schema_version": 0,
          "attributes": {
            "created_at": "2024-02-22T15:34:48Z",
            "description": "",
            "folder_id": "b1gd90nbhjaagrfjjfel",
            "id": "ds7njuju854oo1ukaeba",
            "labels": null,
            "name": "target-group",
            "target": [
              {
                "ip_address": "192.168.10.10",
                "private_ipv4_address": false,
                "subnet_id": "e9bg21jtk9bvt8augjqe"
              },
              {
                "ip_address": "192.168.20.10",
                "private_ipv4_address": false,
                "subnet_id": "e2lildtta808m6del13l"
              }
            ],
            "timeouts": null
          },
          "sensitive_attributes": [],
          "private": "eyJlMmJmYjczMC1lY2FhLTExZTYtOGY4OC0zNDM2M2JjN2M0YzAiOnsiY3JlYXRlIjozMDAwMDAwMDAwMDAsImRlbGV0ZSI6MzAwMDAwMDAwMDAwLCJ1cGRhdGUiOjMwMDAwMDAwMDAwMH19",
          "dependencies": [
            "yandex_compute_instance.web1",
            "yandex_compute_instance.web2",
            "yandex_vpc_gateway.nat-gw",
            "yandex_vpc_network.network-1",
            "yandex_vpc_route_table.route-table",
            "yandex_vpc_security_group.sg-ssh",
            "yandex_vpc_security_group.sg-webserv",
            "yandex_vpc_subnet.subnet-main"
          ]
        }
      ]
    },
    {
      "mode": "managed",
      "type": "yandex_alb_virtual_host",
      "name": "virtual-host",
      "provider": "provider[\"registry.terraform.io/yandex-cloud/yandex\"]",
      "instances": [
        {
          "schema_version": 0,
          "attributes": {
            "authority": null,
            "http_router_id": "ds7ve8gke3814acpbddj",
            "id": "ds7ve8gke3814acpbddj/virtual-host",
            "modify_request_headers": [],
            "modify_response_headers": [],
            "name": "virtual-host",
            "route": [
              {
                "grpc_route": [],
                "http_route": [
                  {
                    "direct_response_action": [],
                    "http_match": [],
                    "http_route_action": [
                      {
                        "auto_host_rewrite": false,
                        "backend_group_id": "ds7tl0oj1sevpesjq5oh",
                        "host_rewrite": "",
                        "idle_timeout": "",
                        "prefix_rewrite": "",
                        "timeout": "1m0s",
                        "upgrade_types": null
                      }
                    ],
                    "redirect_action": []
                  }
                ],
                "name": "route",
                "route_options": []
              }
            ],
            "route_options": [],
            "timeouts": null
          },
          "sensitive_attributes": [],
          "private": "eyJlMmJmYjczMC1lY2FhLTExZTYtOGY4OC0zNDM2M2JjN2M0YzAiOnsiY3JlYXRlIjozMDAwMDAwMDAwMDAsImRlbGV0ZSI6MzAwMDAwMDAwMDAwLCJ1cGRhdGUiOjMwMDAwMDAwMDAwMH19",
          "dependencies": [
            "yandex_alb_backend_group.backend-group",
            "yandex_alb_http_router.http-router",
            "yandex_alb_target_group.target-group",
            "yandex_compute_instance.web1",
            "yandex_compute_instance.web2",
            "yandex_vpc_gateway.nat-gw",
            "yandex_vpc_network.network-1",
            "yandex_vpc_route_table.route-table",
            "yandex_vpc_security_group.sg-ssh",
            "yandex_vpc_security_group.sg-webserv",
            "yandex_vpc_subnet.subnet-main"
          ]
        }
      ]
    },
    {
      "mode": "managed",
      "type": "yandex_compute_instance",
      "name": "bastion",
      "provider": "provider[\"registry.terraform.io/yandex-cloud/yandex\"]",
      "instances": [
        {
          "schema_version": 1,
          "attributes": {
            "allow_recreate": null,
            "allow_stopping_for_update": null,
            "boot_disk": [
              {
                "auto_delete": true,
                "device_name": "fhmn027nd1mumo1etabt",
                "disk_id": "fhmn027nd1mumo1etabt",
                "initialize_params": [
                  {
                    "block_size": 4096,
                    "description": "",
                    "image_id": "fd87gocdmk3tosg6onpg",
                    "name": "",
                    "size": 10,
                    "snapshot_id": "",
                    "type": "network-hdd"
                  }
                ],
                "mode": "READ_WRITE"
              }
            ],
            "created_at": "2024-02-22T15:34:15Z",
            "description": "",
            "filesystem": [],
            "folder_id": "b1gd90nbhjaagrfjjfel",
            "fqdn": "bastion.ru-central1.internal",
            "gpu_cluster_id": "",
            "hostname": "bastion",
            "id": "fhmr1534g2rg17o4804f",
            "labels": null,
            "local_disk": [],
            "maintenance_grace_period": "",
            "maintenance_policy": null,
            "metadata": {
              "user-data": "#cloud-config\nusers:\n  - name: user-data\n    groups: sudo\n    shell: /bin/bash\n    sudo: ['ALL=(ALL) NOPASSWD:ALL']\n    ssh-authorized-keys:\n       ssh-rsa MIIBIjANBgkqhkiG9w0BAQEFAAOCAQ8AMIIBCgKCAQEA1VQqYC+PCwkGk8GT7p3l/z/0vhPSullHBey1t+QlVdY0UAje/4hN0igcJKJp3gYOi586mlgGJhSG9TOinVNgdkLqKg52gpeQOzGlNLdIMYZ1zVZN62RGXEOfQfujyRI+1StWcVzXRLbYsfPzlIL6oO7QfJeRQ0+yCfdhA0UFyVJpteGYqAfUI0mj04dKxyy4oPONbZJyafX7dFHriA6FT2wVPty3ljFG2TG+MDZDSct10wLTTlN5apfXFHTjHLJAfwd+J2BbmoFB2n5O6Eq9mKUSXAVKgGnnLZ/oJ0eDDWclU7ssNYWIx6koGCprIaxvXhqQZYEU/MlT8XeUenEfEQIDAQAB"
            },
            "metadata_options": [
              {
                "aws_v1_http_endpoint": 1,
                "aws_v1_http_token": 2,
                "gce_http_endpoint": 1,
                "gce_http_token": 1
              }
            ],
            "name": "bastion",
            "network_acceleration_type": "standard",
            "network_interface": [
              {
                "dns_record": [],
                "index": 0,
                "ip_address": "192.168.10.100",
                "ipv4": true,
                "ipv6": false,
                "ipv6_address": "",
                "ipv6_dns_record": [],
                "mac_address": "d0:0d:1b:09:46:48",
                "nat": true,
                "nat_dns_record": [],
                "nat_ip_address": "158.160.115.167",
                "nat_ip_version": "IPV4",
                "security_group_ids": [
                  "enpsc5d23re05cabi4rr"
                ],
                "subnet_id": "e9bg21jtk9bvt8augjqe"
              }
            ],
            "placement_policy": [
              {
                "host_affinity_rules": [],
                "placement_group_id": "",
                "placement_group_partition": 0
              }
            ],
            "platform_id": "standard-v1",
            "resources": [
              {
                "core_fraction": 100,
                "cores": 2,
                "gpus": 0,
                "memory": 4
              }
            ],
            "scheduling_policy": [
              {
                "preemptible": true
              }
            ],
            "secondary_disk": [],
            "service_account_id": "",
            "status": "running",
            "timeouts": null,
            "zone": "ru-central1-a"
          },
          "sensitive_attributes": [],
          "private": "eyJlMmJmYjczMC1lY2FhLTExZTYtOGY4OC0zNDM2M2JjN2M0YzAiOnsiY3JlYXRlIjozMDAwMDAwMDAwMDAsImRlbGV0ZSI6MzAwMDAwMDAwMDAwLCJ1cGRhdGUiOjMwMDAwMDAwMDAwMH0sInNjaGVtYV92ZXJzaW9uIjoiMSJ9",
          "dependencies": [
            "yandex_vpc_gateway.nat-gw",
            "yandex_vpc_network.network-1",
            "yandex_vpc_route_table.route-table",
            "yandex_vpc_security_group.sg-bastion",
            "yandex_vpc_subnet.subnet-main"
          ]
        }
      ]
    },
    {
      "mode": "managed",
      "type": "yandex_compute_instance",
      "name": "elastic",
      "provider": "provider[\"registry.terraform.io/yandex-cloud/yandex\"]",
      "instances": [
        {
          "schema_version": 1,
          "attributes": {
            "allow_recreate": null,
            "allow_stopping_for_update": null,
            "boot_disk": [
              {
                "auto_delete": true,
                "device_name": "fhmrinse4gg6mqg28680",
                "disk_id": "fhmrinse4gg6mqg28680",
                "initialize_params": [
                  {
                    "block_size": 4096,
                    "description": "",
                    "image_id": "fd87gocdmk3tosg6onpg",
                    "name": "",
                    "size": 15,
                    "snapshot_id": "",
                    "type": "network-hdd"
                  }
                ],
                "mode": "READ_WRITE"
              }
            ],
            "created_at": "2024-02-22T15:34:07Z",
            "description": "",
            "filesystem": [],
            "folder_id": "b1gd90nbhjaagrfjjfel",
            "fqdn": "elastic.ru-central1.internal",
            "gpu_cluster_id": "",
            "hostname": "elastic",
            "id": "fhmsgd8l2aacgi2al14t",
            "labels": null,
            "local_disk": [],
            "maintenance_grace_period": "",
            "maintenance_policy": null,
            "metadata": {
              "user-data": "#cloud-config\nusers:\n  - name: user-data\n    groups: sudo\n    shell: /bin/bash\n    sudo: ['ALL=(ALL) NOPASSWD:ALL']\n    ssh-authorized-keys:\n       ssh-rsa MIIBIjANBgkqhkiG9w0BAQEFAAOCAQ8AMIIBCgKCAQEA1VQqYC+PCwkGk8GT7p3l/z/0vhPSullHBey1t+QlVdY0UAje/4hN0igcJKJp3gYOi586mlgGJhSG9TOinVNgdkLqKg52gpeQOzGlNLdIMYZ1zVZN62RGXEOfQfujyRI+1StWcVzXRLbYsfPzlIL6oO7QfJeRQ0+yCfdhA0UFyVJpteGYqAfUI0mj04dKxyy4oPONbZJyafX7dFHriA6FT2wVPty3ljFG2TG+MDZDSct10wLTTlN5apfXFHTjHLJAfwd+J2BbmoFB2n5O6Eq9mKUSXAVKgGnnLZ/oJ0eDDWclU7ssNYWIx6koGCprIaxvXhqQZYEU/MlT8XeUenEfEQIDAQAB"
            },
            "metadata_options": [
              {
                "aws_v1_http_endpoint": 1,
                "aws_v1_http_token": 2,
                "gce_http_endpoint": 1,
                "gce_http_token": 1
              }
            ],
            "name": "elastic",
            "network_acceleration_type": "standard",
            "network_interface": [
              {
                "dns_record": [],
                "index": 0,
                "ip_address": "192.168.10.111",
                "ipv4": true,
                "ipv6": false,
                "ipv6_address": "",
                "ipv6_dns_record": [],
                "mac_address": "d0:0d:1c:83:51:51",
                "nat": false,
                "nat_dns_record": [],
                "nat_ip_address": "",
                "nat_ip_version": "",
                "security_group_ids": [
                  "enpkq9boj6rsksnj4eeb",
                  "enppm73mhvi8ig7pu09k"
                ],
                "subnet_id": "e9bg21jtk9bvt8augjqe"
              }
            ],
            "placement_policy": [
              {
                "host_affinity_rules": [],
                "placement_group_id": "",
                "placement_group_partition": 0
              }
            ],
            "platform_id": "standard-v1",
            "resources": [
              {
                "core_fraction": 100,
                "cores": 4,
                "gpus": 0,
                "memory": 8
              }
            ],
            "scheduling_policy": [
              {
                "preemptible": true
              }
            ],
            "secondary_disk": [],
            "service_account_id": "",
            "status": "running",
            "timeouts": null,
            "zone": "ru-central1-a"
          },
          "sensitive_attributes": [],
          "private": "eyJlMmJmYjczMC1lY2FhLTExZTYtOGY4OC0zNDM2M2JjN2M0YzAiOnsiY3JlYXRlIjozMDAwMDAwMDAwMDAsImRlbGV0ZSI6MzAwMDAwMDAwMDAwLCJ1cGRhdGUiOjMwMDAwMDAwMDAwMH0sInNjaGVtYV92ZXJzaW9uIjoiMSJ9",
          "dependencies": [
            "yandex_vpc_gateway.nat-gw",
            "yandex_vpc_network.network-1",
            "yandex_vpc_route_table.route-table",
            "yandex_vpc_security_group.sg-elastic",
            "yandex_vpc_security_group.sg-ssh",
            "yandex_vpc_subnet.subnet-main"
          ]
        }
      ]
    },
    {
      "mode": "managed",
      "type": "yandex_compute_instance",
      "name": "kibana",
      "provider": "provider[\"registry.terraform.io/yandex-cloud/yandex\"]",
      "instances": [
        {
          "schema_version": 1,
          "attributes": {
            "allow_recreate": null,
            "allow_stopping_for_update": null,
            "boot_disk": [
              {
                "auto_delete": true,
                "device_name": "fhm5f5c0n5ln6pkmq071",
                "disk_id": "fhm5f5c0n5ln6pkmq071",
                "initialize_params": [
                  {
                    "block_size": 4096,
                    "description": "",
                    "image_id": "fd87gocdmk3tosg6onpg",
                    "name": "",
                    "size": 15,
                    "snapshot_id": "",
                    "type": "network-hdd"
                  }
                ],
                "mode": "READ_WRITE"
              }
            ],
            "created_at": "2024-02-22T15:34:06Z",
            "description": "",
            "filesystem": [],
            "folder_id": "b1gd90nbhjaagrfjjfel",
            "fqdn": "kibana.ru-central1.internal",
            "gpu_cluster_id": "",
            "hostname": "kibana",
            "id": "fhmkinlbekctnqktt3mq",
            "labels": null,
            "local_disk": [],
            "maintenance_grace_period": "",
            "maintenance_policy": null,
            "metadata": {
              "user-data": "#cloud-config\nusers:\n  - name: user-data\n    groups: sudo\n    shell: /bin/bash\n    sudo: ['ALL=(ALL) NOPASSWD:ALL']\n    ssh-authorized-keys:\n       ssh-rsa MIIBIjANBgkqhkiG9w0BAQEFAAOCAQ8AMIIBCgKCAQEA1VQqYC+PCwkGk8GT7p3l/z/0vhPSullHBey1t+QlVdY0UAje/4hN0igcJKJp3gYOi586mlgGJhSG9TOinVNgdkLqKg52gpeQOzGlNLdIMYZ1zVZN62RGXEOfQfujyRI+1StWcVzXRLbYsfPzlIL6oO7QfJeRQ0+yCfdhA0UFyVJpteGYqAfUI0mj04dKxyy4oPONbZJyafX7dFHriA6FT2wVPty3ljFG2TG+MDZDSct10wLTTlN5apfXFHTjHLJAfwd+J2BbmoFB2n5O6Eq9mKUSXAVKgGnnLZ/oJ0eDDWclU7ssNYWIx6koGCprIaxvXhqQZYEU/MlT8XeUenEfEQIDAQAB"
            },
            "metadata_options": [
              {
                "aws_v1_http_endpoint": 1,
                "aws_v1_http_token": 2,
                "gce_http_endpoint": 1,
                "gce_http_token": 1
              }
            ],
            "name": "kibana",
            "network_acceleration_type": "standard",
            "network_interface": [
              {
                "dns_record": [],
                "index": 0,
                "ip_address": "192.168.10.112",
                "ipv4": true,
                "ipv6": false,
                "ipv6_address": "",
                "ipv6_dns_record": [],
                "mac_address": "d0:0d:14:95:ea:b7",
                "nat": true,
                "nat_dns_record": [],
                "nat_ip_address": "158.160.97.7",
                "nat_ip_version": "IPV4",
                "security_group_ids": [
                  "enpc5qdh085kaddoo32u",
                  "enppm73mhvi8ig7pu09k"
                ],
                "subnet_id": "e9bg21jtk9bvt8augjqe"
              }
            ],
            "placement_policy": [
              {
                "host_affinity_rules": [],
                "placement_group_id": "",
                "placement_group_partition": 0
              }
            ],
            "platform_id": "standard-v1",
            "resources": [
              {
                "core_fraction": 100,
                "cores": 4,
                "gpus": 0,
                "memory": 8
              }
            ],
            "scheduling_policy": [
              {
                "preemptible": true
              }
            ],
            "secondary_disk": [],
            "service_account_id": "",
            "status": "running",
            "timeouts": null,
            "zone": "ru-central1-a"
          },
          "sensitive_attributes": [],
          "private": "eyJlMmJmYjczMC1lY2FhLTExZTYtOGY4OC0zNDM2M2JjN2M0YzAiOnsiY3JlYXRlIjozMDAwMDAwMDAwMDAsImRlbGV0ZSI6MzAwMDAwMDAwMDAwLCJ1cGRhdGUiOjMwMDAwMDAwMDAwMH0sInNjaGVtYV92ZXJzaW9uIjoiMSJ9",
          "dependencies": [
            "yandex_vpc_gateway.nat-gw",
            "yandex_vpc_network.network-1",
            "yandex_vpc_route_table.route-table",
            "yandex_vpc_security_group.sg-kibana",
            "yandex_vpc_security_group.sg-ssh",
            "yandex_vpc_subnet.subnet-main"
          ]
        }
      ]
    },
    {
      "mode": "managed",
      "type": "yandex_compute_instance",
      "name": "web1",
      "provider": "provider[\"registry.terraform.io/yandex-cloud/yandex\"]",
      "instances": [
        {
          "schema_version": 1,
          "attributes": {
            "allow_recreate": null,
            "allow_stopping_for_update": null,
            "boot_disk": [
              {
                "auto_delete": true,
                "device_name": "fhmfqee5nias9lqd021v",
                "disk_id": "fhmfqee5nias9lqd021v",
                "initialize_params": [
                  {
                    "block_size": 4096,
                    "description": "",
                    "image_id": "fd87gocdmk3tosg6onpg",
                    "name": "",
                    "size": 10,
                    "snapshot_id": "",
                    "type": "network-hdd"
                  }
                ],
                "mode": "READ_WRITE"
              }
            ],
            "created_at": "2024-02-22T15:34:06Z",
            "description": "",
            "filesystem": [],
            "folder_id": "b1gd90nbhjaagrfjjfel",
            "fqdn": "web1.ru-central1.internal",
            "gpu_cluster_id": "",
            "hostname": "web1",
            "id": "fhmh7sdeb6bg372ug52c",
            "labels": null,
            "local_disk": [],
            "maintenance_grace_period": "",
            "maintenance_policy": null,
            "metadata": {
              "user-data": "#cloud-config\nusers:\n  - name: user-data\n    groups: sudo\n    shell: /bin/bash\n    sudo: ['ALL=(ALL) NOPASSWD:ALL']\n    ssh-authorized-keys:\n       ssh-rsa MIIBIjANBgkqhkiG9w0BAQEFAAOCAQ8AMIIBCgKCAQEA1VQqYC+PCwkGk8GT7p3l/z/0vhPSullHBey1t+QlVdY0UAje/4hN0igcJKJp3gYOi586mlgGJhSG9TOinVNgdkLqKg52gpeQOzGlNLdIMYZ1zVZN62RGXEOfQfujyRI+1StWcVzXRLbYsfPzlIL6oO7QfJeRQ0+yCfdhA0UFyVJpteGYqAfUI0mj04dKxyy4oPONbZJyafX7dFHriA6FT2wVPty3ljFG2TG+MDZDSct10wLTTlN5apfXFHTjHLJAfwd+J2BbmoFB2n5O6Eq9mKUSXAVKgGnnLZ/oJ0eDDWclU7ssNYWIx6koGCprIaxvXhqQZYEU/MlT8XeUenEfEQIDAQAB"
            },
            "metadata_options": [
              {
                "aws_v1_http_endpoint": 1,
                "aws_v1_http_token": 2,
                "gce_http_endpoint": 1,
                "gce_http_token": 1
              }
            ],
            "name": "web1",
            "network_acceleration_type": "standard",
            "network_interface": [
              {
                "dns_record": [],
                "index": 0,
                "ip_address": "192.168.10.10",
                "ipv4": true,
                "ipv6": false,
                "ipv6_address": "",
                "ipv6_dns_record": [],
                "mac_address": "d0:0d:11:3f:1a:e5",
                "nat": false,
                "nat_dns_record": [],
                "nat_ip_address": "",
                "nat_ip_version": "",
                "security_group_ids": [
                  "enpcjr5vt2ceo7m8g134",
                  "enppm73mhvi8ig7pu09k"
                ],
                "subnet_id": "e9bg21jtk9bvt8augjqe"
              }
            ],
            "placement_policy": [
              {
                "host_affinity_rules": [],
                "placement_group_id": "",
                "placement_group_partition": 0
              }
            ],
            "platform_id": "standard-v1",
            "resources": [
              {
                "core_fraction": 100,
                "cores": 2,
                "gpus": 0,
                "memory": 4
              }
            ],
            "scheduling_policy": [
              {
                "preemptible": true
              }
            ],
            "secondary_disk": [],
            "service_account_id": "",
            "status": "running",
            "timeouts": null,
            "zone": "ru-central1-a"
          },
          "sensitive_attributes": [],
          "private": "eyJlMmJmYjczMC1lY2FhLTExZTYtOGY4OC0zNDM2M2JjN2M0YzAiOnsiY3JlYXRlIjozMDAwMDAwMDAwMDAsImRlbGV0ZSI6MzAwMDAwMDAwMDAwLCJ1cGRhdGUiOjMwMDAwMDAwMDAwMH0sInNjaGVtYV92ZXJzaW9uIjoiMSJ9",
          "dependencies": [
            "yandex_vpc_gateway.nat-gw",
            "yandex_vpc_network.network-1",
            "yandex_vpc_route_table.route-table",
            "yandex_vpc_security_group.sg-ssh",
            "yandex_vpc_security_group.sg-webserv",
            "yandex_vpc_subnet.subnet-main"
          ]
        }
      ]
    },
    {
      "mode": "managed",
      "type": "yandex_compute_instance",
      "name": "web2",
      "provider": "provider[\"registry.terraform.io/yandex-cloud/yandex\"]",
      "instances": [
        {
          "schema_version": 1,
          "attributes": {
            "allow_recreate": null,
            "allow_stopping_for_update": null,
            "boot_disk": [
              {
                "auto_delete": true,
                "device_name": "epddvsqe9l8usjjorle8",
                "disk_id": "epddvsqe9l8usjjorle8",
                "initialize_params": [
                  {
                    "block_size": 4096,
                    "description": "",
                    "image_id": "fd87gocdmk3tosg6onpg",
                    "name": "",
                    "size": 10,
                    "snapshot_id": "",
                    "type": "network-hdd"
                  }
                ],
                "mode": "READ_WRITE"
              }
            ],
            "created_at": "2024-02-22T15:34:06Z",
            "description": "",
            "filesystem": [],
            "folder_id": "b1gd90nbhjaagrfjjfel",
            "fqdn": "web2.ru-central1.internal",
            "gpu_cluster_id": "",
            "hostname": "web2",
            "id": "epd0huq5e5rb5dfsdj10",
            "labels": null,
            "local_disk": [],
            "maintenance_grace_period": "",
            "maintenance_policy": null,
            "metadata": {
              "user-data": "#cloud-config\nusers:\n  - name: user-data\n    groups: sudo\n    shell: /bin/bash\n    sudo: ['ALL=(ALL) NOPASSWD:ALL']\n    ssh-authorized-keys:\n       ssh-rsa MIIBIjANBgkqhkiG9w0BAQEFAAOCAQ8AMIIBCgKCAQEA1VQqYC+PCwkGk8GT7p3l/z/0vhPSullHBey1t+QlVdY0UAje/4hN0igcJKJp3gYOi586mlgGJhSG9TOinVNgdkLqKg52gpeQOzGlNLdIMYZ1zVZN62RGXEOfQfujyRI+1StWcVzXRLbYsfPzlIL6oO7QfJeRQ0+yCfdhA0UFyVJpteGYqAfUI0mj04dKxyy4oPONbZJyafX7dFHriA6FT2wVPty3ljFG2TG+MDZDSct10wLTTlN5apfXFHTjHLJAfwd+J2BbmoFB2n5O6Eq9mKUSXAVKgGnnLZ/oJ0eDDWclU7ssNYWIx6koGCprIaxvXhqQZYEU/MlT8XeUenEfEQIDAQAB"
            },
            "metadata_options": [
              {
                "aws_v1_http_endpoint": 1,
                "aws_v1_http_token": 2,
                "gce_http_endpoint": 1,
                "gce_http_token": 1
              }
            ],
            "name": "web2",
            "network_acceleration_type": "standard",
            "network_interface": [
              {
                "dns_record": [],
                "index": 0,
                "ip_address": "192.168.20.10",
                "ipv4": true,
                "ipv6": false,
                "ipv6_address": "",
                "ipv6_dns_record": [],
                "mac_address": "d0:0d:8f:b4:57:17",
                "nat": false,
                "nat_dns_record": [],
                "nat_ip_address": "",
                "nat_ip_version": "",
                "security_group_ids": [
                  "enpcjr5vt2ceo7m8g134",
                  "enppm73mhvi8ig7pu09k"
                ],
                "subnet_id": "e2lildtta808m6del13l"
              }
            ],
            "placement_policy": [
              {
                "host_affinity_rules": [],
                "placement_group_id": "",
                "placement_group_partition": 0
              }
            ],
            "platform_id": "standard-v1",
            "resources": [
              {
                "core_fraction": 100,
                "cores": 2,
                "gpus": 0,
                "memory": 4
              }
            ],
            "scheduling_policy": [
              {
                "preemptible": true
              }
            ],
            "secondary_disk": [],
            "service_account_id": "",
            "status": "running",
            "timeouts": null,
            "zone": "ru-central1-b"
          },
          "sensitive_attributes": [],
          "private": "eyJlMmJmYjczMC1lY2FhLTExZTYtOGY4OC0zNDM2M2JjN2M0YzAiOnsiY3JlYXRlIjozMDAwMDAwMDAwMDAsImRlbGV0ZSI6MzAwMDAwMDAwMDAwLCJ1cGRhdGUiOjMwMDAwMDAwMDAwMH0sInNjaGVtYV92ZXJzaW9uIjoiMSJ9",
          "dependencies": [
            "yandex_vpc_gateway.nat-gw",
            "yandex_vpc_network.network-1",
            "yandex_vpc_route_table.route-table",
            "yandex_vpc_security_group.sg-ssh",
            "yandex_vpc_security_group.sg-webserv",
            "yandex_vpc_subnet.subnet-main"
          ]
        }
      ]
    },
    {
      "mode": "managed",
      "type": "yandex_compute_instance",
      "name": "zabbix",
      "provider": "provider[\"registry.terraform.io/yandex-cloud/yandex\"]",
      "instances": [
        {
          "schema_version": 1,
          "attributes": {
            "allow_recreate": null,
            "allow_stopping_for_update": null,
            "boot_disk": [
              {
                "auto_delete": true,
                "device_name": "fhmu3sobab4aanlj3e64",
                "disk_id": "fhmu3sobab4aanlj3e64",
                "initialize_params": [
                  {
                    "block_size": 4096,
                    "description": "",
                    "image_id": "fd87gocdmk3tosg6onpg",
                    "name": "",
                    "size": 15,
                    "snapshot_id": "",
                    "type": "network-hdd"
                  }
                ],
                "mode": "READ_WRITE"
              }
            ],
            "created_at": "2024-02-22T15:34:09Z",
            "description": "",
            "filesystem": [],
            "folder_id": "b1gd90nbhjaagrfjjfel",
            "fqdn": "zabbix.ru-central1.internal",
            "gpu_cluster_id": "",
            "hostname": "zabbix",
            "id": "fhm3sn51pmpr5amkgd9s",
            "labels": null,
            "local_disk": [],
            "maintenance_grace_period": "",
            "maintenance_policy": null,
            "metadata": {
              "user-data": "#cloud-config\nusers:\n  - name: user-data\n    groups: sudo\n    shell: /bin/bash\n    sudo: ['ALL=(ALL) NOPASSWD:ALL']\n    ssh-authorized-keys:\n       ssh-rsa MIIBIjANBgkqhkiG9w0BAQEFAAOCAQ8AMIIBCgKCAQEA1VQqYC+PCwkGk8GT7p3l/z/0vhPSullHBey1t+QlVdY0UAje/4hN0igcJKJp3gYOi586mlgGJhSG9TOinVNgdkLqKg52gpeQOzGlNLdIMYZ1zVZN62RGXEOfQfujyRI+1StWcVzXRLbYsfPzlIL6oO7QfJeRQ0+yCfdhA0UFyVJpteGYqAfUI0mj04dKxyy4oPONbZJyafX7dFHriA6FT2wVPty3ljFG2TG+MDZDSct10wLTTlN5apfXFHTjHLJAfwd+J2BbmoFB2n5O6Eq9mKUSXAVKgGnnLZ/oJ0eDDWclU7ssNYWIx6koGCprIaxvXhqQZYEU/MlT8XeUenEfEQIDAQAB"
            },
            "metadata_options": [
              {
                "aws_v1_http_endpoint": 1,
                "aws_v1_http_token": 2,
                "gce_http_endpoint": 1,
                "gce_http_token": 1
              }
            ],
            "name": "zabbix",
            "network_acceleration_type": "standard",
            "network_interface": [
              {
                "dns_record": [],
                "index": 0,
                "ip_address": "192.168.10.110",
                "ipv4": true,
                "ipv6": false,
                "ipv6_address": "",
                "ipv6_dns_record": [],
                "mac_address": "d0:0d:3e:5c:a1:cd",
                "nat": true,
                "nat_dns_record": [],
                "nat_ip_address": "158.160.114.209",
                "nat_ip_version": "IPV4",
                "security_group_ids": [
                  "enpe4knujak3ksrit9e4",
                  "enppm73mhvi8ig7pu09k"
                ],
                "subnet_id": "e9bg21jtk9bvt8augjqe"
              }
            ],
            "placement_policy": [
              {
                "host_affinity_rules": [],
                "placement_group_id": "",
                "placement_group_partition": 0
              }
            ],
            "platform_id": "standard-v1",
            "resources": [
              {
                "core_fraction": 100,
                "cores": 4,
                "gpus": 0,
                "memory": 8
              }
            ],
            "scheduling_policy": [
              {
                "preemptible": true
              }
            ],
            "secondary_disk": [],
            "service_account_id": "",
            "status": "running",
            "timeouts": null,
            "zone": "ru-central1-a"
          },
          "sensitive_attributes": [],
          "private": "eyJlMmJmYjczMC1lY2FhLTExZTYtOGY4OC0zNDM2M2JjN2M0YzAiOnsiY3JlYXRlIjozMDAwMDAwMDAwMDAsImRlbGV0ZSI6MzAwMDAwMDAwMDAwLCJ1cGRhdGUiOjMwMDAwMDAwMDAwMH0sInNjaGVtYV92ZXJzaW9uIjoiMSJ9",
          "dependencies": [
            "yandex_vpc_gateway.nat-gw",
            "yandex_vpc_network.network-1",
            "yandex_vpc_route_table.route-table",
            "yandex_vpc_security_group.sg-ssh",
            "yandex_vpc_security_group.sg-zabbix",
            "yandex_vpc_subnet.subnet-main"
          ]
        }
      ]
    },
    {
      "mode": "managed",
      "type": "yandex_compute_snapshot_schedule",
      "name": "snapshot",
      "provider": "provider[\"registry.terraform.io/yandex-cloud/yandex\"]",
      "instances": [
        {
          "schema_version": 0,
          "attributes": {
            "created_at": "2024-02-22T15:35:10Z",
            "description": "",
            "disk_ids": [
              "epddvsqe9l8usjjorle8",
              "fhm5f5c0n5ln6pkmq071",
              "fhmfqee5nias9lqd021v",
              "fhmn027nd1mumo1etabt",
              "fhmrinse4gg6mqg28680",
              "fhmu3sobab4aanlj3e64"
            ],
            "folder_id": "b1gd90nbhjaagrfjjfel",
            "id": "fd8c2q1dsdmcfsqbct7d",
            "labels": null,
            "name": "snapshot",
            "retention_period": "",
            "schedule_policy": [
              {
                "expression": "0 15 ? * *",
                "start_at": "1970-01-01T00:00:00Z"
              }
            ],
            "snapshot_count": 7,
            "snapshot_spec": [
              {
                "description": "daily-snapshot",
                "labels": null
              }
            ],
            "status": "active",
            "timeouts": null
          },
          "sensitive_attributes": [],
          "private": "eyJlMmJmYjczMC1lY2FhLTExZTYtOGY4OC0zNDM2M2JjN2M0YzAiOnsiY3JlYXRlIjozMDAwMDAwMDAwMDAsImRlbGV0ZSI6MzAwMDAwMDAwMDAwLCJ1cGRhdGUiOjMwMDAwMDAwMDAwMH19",
          "dependencies": [
            "yandex_compute_instance.bastion",
            "yandex_compute_instance.elastic",
            "yandex_compute_instance.kibana",
            "yandex_compute_instance.web1",
            "yandex_compute_instance.web2",
            "yandex_compute_instance.zabbix",
            "yandex_vpc_gateway.nat-gw",
            "yandex_vpc_network.network-1",
            "yandex_vpc_route_table.route-table",
            "yandex_vpc_security_group.sg-bastion",
            "yandex_vpc_security_group.sg-elastic",
            "yandex_vpc_security_group.sg-kibana",
            "yandex_vpc_security_group.sg-ssh",
            "yandex_vpc_security_group.sg-webserv",
            "yandex_vpc_security_group.sg-zabbix",
            "yandex_vpc_subnet.subnet-main"
          ]
        }
      ]
    },
    {
      "mode": "managed",
      "type": "yandex_vpc_gateway",
      "name": "nat-gw",
      "provider": "provider[\"registry.terraform.io/yandex-cloud/yandex\"]",
      "instances": [
        {
          "schema_version": 0,
          "attributes": {
            "created_at": "2024-02-22T15:33:55Z",
            "description": "",
            "folder_id": "b1gd90nbhjaagrfjjfel",
            "id": "enpkq19g0fc30gicmggd",
            "labels": {},
            "name": "nat-gw",
            "shared_egress_gateway": [
              {}
            ],
            "timeouts": null
          },
          "sensitive_attributes": [],
          "private": "eyJlMmJmYjczMC1lY2FhLTExZTYtOGY4OC0zNDM2M2JjN2M0YzAiOnsiY3JlYXRlIjo2MDAwMDAwMDAwMCwiZGVsZXRlIjo2MDAwMDAwMDAwMCwidXBkYXRlIjo2MDAwMDAwMDAwMH19"
        }
      ]
    },
    {
      "mode": "managed",
      "type": "yandex_vpc_network",
      "name": "network-1",
      "provider": "provider[\"registry.terraform.io/yandex-cloud/yandex\"]",
      "instances": [
        {
          "schema_version": 0,
          "attributes": {
            "created_at": "2024-02-22T15:33:55Z",
            "default_security_group_id": "enpmhnga7mp2bvkero52",
            "description": "",
            "folder_id": "b1gd90nbhjaagrfjjfel",
            "id": "enp89buthmg20j52g2ar",
            "labels": {},
            "name": "network1",
            "subnet_ids": [],
            "timeouts": null
          },
          "sensitive_attributes": [],
          "private": "eyJlMmJmYjczMC1lY2FhLTExZTYtOGY4OC0zNDM2M2JjN2M0YzAiOnsiY3JlYXRlIjo2MDAwMDAwMDAwMCwiZGVsZXRlIjo2MDAwMDAwMDAwMCwidXBkYXRlIjo2MDAwMDAwMDAwMH19"
        }
      ]
    },
    {
      "mode": "managed",
      "type": "yandex_vpc_route_table",
      "name": "route-table",
      "provider": "provider[\"registry.terraform.io/yandex-cloud/yandex\"]",
      "instances": [
        {
          "schema_version": 0,
          "attributes": {
            "created_at": "2024-02-22T15:33:57Z",
            "description": "",
            "folder_id": "b1gd90nbhjaagrfjjfel",
            "id": "enpp58clf48n6qql77if",
            "labels": {},
            "name": "route-table",
            "network_id": "enp89buthmg20j52g2ar",
            "static_route": [
              {
                "destination_prefix": "0.0.0.0/0",
                "gateway_id": "enpkq19g0fc30gicmggd",
                "next_hop_address": ""
              }
            ],
            "timeouts": null
          },
          "sensitive_attributes": [],
          "private": "eyJlMmJmYjczMC1lY2FhLTExZTYtOGY4OC0zNDM2M2JjN2M0YzAiOnsiY3JlYXRlIjoxODAwMDAwMDAwMDAsImRlbGV0ZSI6MTgwMDAwMDAwMDAwLCJ1cGRhdGUiOjE4MDAwMDAwMDAwMH19",
          "dependencies": [
            "yandex_vpc_gateway.nat-gw",
            "yandex_vpc_network.network-1"
          ]
        }
      ]
    },
    {
      "mode": "managed",
      "type": "yandex_vpc_security_group",
      "name": "security-public-alb",
      "provider": "provider[\"registry.terraform.io/yandex-cloud/yandex\"]",
      "instances": [
        {
          "schema_version": 0,
          "attributes": {
            "created_at": "2024-02-22T15:34:04Z",
            "description": "",
            "egress": [
              {
                "description": "",
                "from_port": 0,
                "id": "enpl5gg8k5a82qq24olo",
                "labels": {},
                "port": -1,
                "predefined_target": "",
                "protocol": "ANY",
                "security_group_id": "",
                "to_port": 65535,
                "v4_cidr_blocks": [
                  "0.0.0.0/0"
                ],
                "v6_cidr_blocks": []
              }
            ],
            "folder_id": "b1gd90nbhjaagrfjjfel",
            "id": "enpc6l4sdkbevathkpe6",
            "ingress": [
              {
                "description": "",
                "from_port": -1,
                "id": "enp19sjnil3t61cn65tk",
                "labels": {},
                "port": -1,
                "predefined_target": "",
                "protocol": "TCP",
                "security_group_id": "",
                "to_port": -1,
                "v4_cidr_blocks": [
                  "0.0.0.0/0"
                ],
                "v6_cidr_blocks": []
              }
            ],
            "labels": {},
            "name": "security-public-alb",
            "network_id": "enp89buthmg20j52g2ar",
            "status": "ACTIVE",
            "timeouts": null
          },
          "sensitive_attributes": [],
          "private": "eyJlMmJmYjczMC1lY2FhLTExZTYtOGY4OC0zNDM2M2JjN2M0YzAiOnsiY3JlYXRlIjoxODAwMDAwMDAwMDAsImRlbGV0ZSI6MTgwMDAwMDAwMDAwLCJ1cGRhdGUiOjE4MDAwMDAwMDAwMH19",
          "dependencies": [
            "yandex_vpc_network.network-1"
          ]
        }
      ]
    },
    {
      "mode": "managed",
      "type": "yandex_vpc_security_group",
      "name": "sg-bastion",
      "provider": "provider[\"registry.terraform.io/yandex-cloud/yandex\"]",
      "instances": [
        {
          "schema_version": 0,
          "attributes": {
            "created_at": "2024-02-22T15:34:14Z",
            "description": "",
            "egress": [
              {
                "description": "",
                "from_port": 0,
                "id": "enpr7a3076h49gfgtnvk",
                "labels": {},
                "port": -1,
                "predefined_target": "",
                "protocol": "ANY",
                "security_group_id": "",
                "to_port": 65535,
                "v4_cidr_blocks": [
                  "0.0.0.0/0"
                ],
                "v6_cidr_blocks": []
              }
            ],
            "folder_id": "b1gd90nbhjaagrfjjfel",
            "id": "enpsc5d23re05cabi4rr",
            "ingress": [
              {
                "description": "",
                "from_port": -1,
                "id": "enpu2bpvrllassv4p854",
                "labels": {},
                "port": 22,
                "predefined_target": "",
                "protocol": "TCP",
                "security_group_id": "",
                "to_port": -1,
                "v4_cidr_blocks": [
                  "0.0.0.0/0"
                ],
                "v6_cidr_blocks": []
              },
              {
                "description": "Вход от zabbix",
                "from_port": -1,
                "id": "enp618tuofe24vj7l8lr",
                "labels": {},
                "port": 10050,
                "predefined_target": "",
                "protocol": "TCP",
                "security_group_id": "",
                "to_port": -1,
                "v4_cidr_blocks": [
                  "192.168.10.0/24",
                  "192.168.20.0/24",
                  "192.168.30.0/24"
                ],
                "v6_cidr_blocks": []
              }
            ],
            "labels": {},
            "name": "sg-bastion",
            "network_id": "enp89buthmg20j52g2ar",
            "status": "ACTIVE",
            "timeouts": null
          },
          "sensitive_attributes": [],
          "private": "eyJlMmJmYjczMC1lY2FhLTExZTYtOGY4OC0zNDM2M2JjN2M0YzAiOnsiY3JlYXRlIjoxODAwMDAwMDAwMDAsImRlbGV0ZSI6MTgwMDAwMDAwMDAwLCJ1cGRhdGUiOjE4MDAwMDAwMDAwMH19",
          "dependencies": [
            "yandex_vpc_network.network-1"
          ]
        }
      ]
    },
    {
      "mode": "managed",
      "type": "yandex_vpc_security_group",
      "name": "sg-elastic",
      "provider": "provider[\"registry.terraform.io/yandex-cloud/yandex\"]",
      "instances": [
        {
          "schema_version": 0,
          "attributes": {
            "created_at": "2024-02-22T15:34:00Z",
            "description": "",
            "egress": [
              {
                "description": "",
                "from_port": 0,
                "id": "enprbndc7ouv33b26nde",
                "labels": {},
                "port": -1,
                "predefined_target": "",
                "protocol": "ANY",
                "security_group_id": "",
                "to_port": 65535,
                "v4_cidr_blocks": [
                  "0.0.0.0/0"
                ],
                "v6_cidr_blocks": []
              }
            ],
            "folder_id": "b1gd90nbhjaagrfjjfel",
            "id": "enpkq9boj6rsksnj4eeb",
            "ingress": [
              {
                "description": "Вход от zabbix",
                "from_port": -1,
                "id": "enpvmip48ep803ullg8m",
                "labels": {},
                "port": 10050,
                "predefined_target": "",
                "protocol": "TCP",
                "security_group_id": "",
                "to_port": -1,
                "v4_cidr_blocks": [
                  "192.168.10.0/24",
                  "192.168.20.0/24",
                  "192.168.30.0/24"
                ],
                "v6_cidr_blocks": []
              },
              {
                "description": "Входящий для elastic",
                "from_port": -1,
                "id": "enp09pt6u7e55llgp0ra",
                "labels": {},
                "port": 9200,
                "predefined_target": "",
                "protocol": "TCP",
                "security_group_id": "",
                "to_port": -1,
                "v4_cidr_blocks": [
                  "192.168.10.0/24",
                  "192.168.20.0/24",
                  "192.168.30.0/24"
                ],
                "v6_cidr_blocks": []
              }
            ],
            "labels": {},
            "name": "sg-elastic",
            "network_id": "enp89buthmg20j52g2ar",
            "status": "ACTIVE",
            "timeouts": null
          },
          "sensitive_attributes": [],
          "private": "eyJlMmJmYjczMC1lY2FhLTExZTYtOGY4OC0zNDM2M2JjN2M0YzAiOnsiY3JlYXRlIjoxODAwMDAwMDAwMDAsImRlbGV0ZSI6MTgwMDAwMDAwMDAwLCJ1cGRhdGUiOjE4MDAwMDAwMDAwMH19",
          "dependencies": [
            "yandex_vpc_network.network-1"
          ]
        }
      ]
    },
    {
      "mode": "managed",
      "type": "yandex_vpc_security_group",
      "name": "sg-kibana",
      "provider": "provider[\"registry.terraform.io/yandex-cloud/yandex\"]",
      "instances": [
        {
          "schema_version": 0,
          "attributes": {
            "created_at": "2024-02-22T15:33:59Z",
            "description": "",
            "egress": [
              {
                "description": "",
                "from_port": 0,
                "id": "enpavn32klf85rrbfkok",
                "labels": {},
                "port": -1,
                "predefined_target": "",
                "protocol": "ANY",
                "security_group_id": "",
                "to_port": 65535,
                "v4_cidr_blocks": [
                  "0.0.0.0/0"
                ],
                "v6_cidr_blocks": []
              }
            ],
            "folder_id": "b1gd90nbhjaagrfjjfel",
            "id": "enpc5qdh085kaddoo32u",
            "ingress": [
              {
                "description": "Вход от zabbix",
                "from_port": -1,
                "id": "enpaqvorths6q6b1ji81",
                "labels": {},
                "port": 10050,
                "predefined_target": "",
                "protocol": "TCP",
                "security_group_id": "",
                "to_port": -1,
                "v4_cidr_blocks": [
                  "192.168.10.0/24",
                  "192.168.20.0/24",
                  "192.168.30.0/24"
                ],
                "v6_cidr_blocks": []
              },
              {
                "description": "Входящий для веб-интерфейса",
                "from_port": -1,
                "id": "enpiovvg08pb6i0r6qr5",
                "labels": {},
                "port": 5601,
                "predefined_target": "",
                "protocol": "TCP",
                "security_group_id": "",
                "to_port": -1,
                "v4_cidr_blocks": [
                  "0.0.0.0/0"
                ],
                "v6_cidr_blocks": []
              }
            ],
            "labels": {},
            "name": "sg-kibana",
            "network_id": "enp89buthmg20j52g2ar",
            "status": "ACTIVE",
            "timeouts": null
          },
          "sensitive_attributes": [],
          "private": "eyJlMmJmYjczMC1lY2FhLTExZTYtOGY4OC0zNDM2M2JjN2M0YzAiOnsiY3JlYXRlIjoxODAwMDAwMDAwMDAsImRlbGV0ZSI6MTgwMDAwMDAwMDAwLCJ1cGRhdGUiOjE4MDAwMDAwMDAwMH19",
          "dependencies": [
            "yandex_vpc_network.network-1"
          ]
        }
      ]
    },
    {
      "mode": "managed",
      "type": "yandex_vpc_security_group",
      "name": "sg-ssh",
      "provider": "provider[\"registry.terraform.io/yandex-cloud/yandex\"]",
      "instances": [
        {
          "schema_version": 0,
          "attributes": {
            "created_at": "2024-02-22T15:34:06Z",
            "description": "",
            "egress": [],
            "folder_id": "b1gd90nbhjaagrfjjfel",
            "id": "enppm73mhvi8ig7pu09k",
            "ingress": [
              {
                "description": "",
                "from_port": -1,
                "id": "enp4tsk3n2l33pcpblc7",
                "labels": {},
                "port": -1,
                "predefined_target": "",
                "protocol": "ICMP",
                "security_group_id": "",
                "to_port": -1,
                "v4_cidr_blocks": [
                  "192.168.10.0/24",
                  "192.168.20.0/24",
                  "192.168.30.0/24"
                ],
                "v6_cidr_blocks": []
              },
              {
                "description": "",
                "from_port": -1,
                "id": "enphdnmip4rrrs5crfpe",
                "labels": {},
                "port": 22,
                "predefined_target": "",
                "protocol": "TCP",
                "security_group_id": "",
                "to_port": -1,
                "v4_cidr_blocks": [
                  "192.168.10.0/24",
                  "192.168.20.0/24",
                  "192.168.30.0/24"
                ],
                "v6_cidr_blocks": []
              }
            ],
            "labels": {},
            "name": "sg-ssh",
            "network_id": "enp89buthmg20j52g2ar",
            "status": "ACTIVE",
            "timeouts": null
          },
          "sensitive_attributes": [],
          "private": "eyJlMmJmYjczMC1lY2FhLTExZTYtOGY4OC0zNDM2M2JjN2M0YzAiOnsiY3JlYXRlIjoxODAwMDAwMDAwMDAsImRlbGV0ZSI6MTgwMDAwMDAwMDAwLCJ1cGRhdGUiOjE4MDAwMDAwMDAwMH19",
          "dependencies": [
            "yandex_vpc_network.network-1"
          ]
        }
      ]
    },
    {
      "mode": "managed",
      "type": "yandex_vpc_security_group",
      "name": "sg-webserv",
      "provider": "provider[\"registry.terraform.io/yandex-cloud/yandex\"]",
      "instances": [
        {
          "schema_version": 0,
          "attributes": {
            "created_at": "2024-02-22T15:34:02Z",
            "description": "",
            "egress": [
              {
                "description": "Исходящие не ограничиваем",
                "from_port": 0,
                "id": "enplfn95op9daoen5sdt",
                "labels": {},
                "port": -1,
                "predefined_target": "",
                "protocol": "ANY",
                "security_group_id": "",
                "to_port": 65535,
                "v4_cidr_blocks": [
                  "0.0.0.0/0"
                ],
                "v6_cidr_blocks": []
              }
            ],
            "folder_id": "b1gd90nbhjaagrfjjfel",
            "id": "enpcjr5vt2ceo7m8g134",
            "ingress": [
              {
                "description": "Вход для http",
                "from_port": -1,
                "id": "enp4rp3rme4jdvc9ktgm",
                "labels": {},
                "port": 80,
                "predefined_target": "",
                "protocol": "TCP",
                "security_group_id": "",
                "to_port": -1,
                "v4_cidr_blocks": [
                  "192.168.10.0/24",
                  "192.168.20.0/24",
                  "192.168.30.0/24"
                ],
                "v6_cidr_blocks": []
              },
              {
                "description": "Вход от zabbix",
                "from_port": -1,
                "id": "enpiif1pjgp7pu4n5s8i",
                "labels": {},
                "port": 10050,
                "predefined_target": "",
                "protocol": "TCP",
                "security_group_id": "",
                "to_port": -1,
                "v4_cidr_blocks": [
                  "192.168.10.0/24",
                  "192.168.20.0/24",
                  "192.168.30.0/24"
                ],
                "v6_cidr_blocks": []
              }
            ],
            "labels": {},
            "name": "sg-webserv",
            "network_id": "enp89buthmg20j52g2ar",
            "status": "ACTIVE",
            "timeouts": null
          },
          "sensitive_attributes": [],
          "private": "eyJlMmJmYjczMC1lY2FhLTExZTYtOGY4OC0zNDM2M2JjN2M0YzAiOnsiY3JlYXRlIjoxODAwMDAwMDAwMDAsImRlbGV0ZSI6MTgwMDAwMDAwMDAwLCJ1cGRhdGUiOjE4MDAwMDAwMDAwMH19",
          "dependencies": [
            "yandex_vpc_network.network-1"
          ]
        }
      ]
    },
    {
      "mode": "managed",
      "type": "yandex_vpc_security_group",
      "name": "sg-zabbix",
      "provider": "provider[\"registry.terraform.io/yandex-cloud/yandex\"]",
      "instances": [
        {
          "schema_version": 0,
          "attributes": {
            "created_at": "2024-02-22T15:34:08Z",
            "description": "",
            "egress": [
              {
                "description": "",
                "from_port": 0,
                "id": "enpa0pt1bhn90tep4q1j",
                "labels": {},
                "port": -1,
                "predefined_target": "",
                "protocol": "ANY",
                "security_group_id": "",
                "to_port": 65535,
                "v4_cidr_blocks": [
                  "0.0.0.0/0"
                ],
                "v6_cidr_blocks": []
              }
            ],
            "folder_id": "b1gd90nbhjaagrfjjfel",
            "id": "enpe4knujak3ksrit9e4",
            "ingress": [
              {
                "description": "Вход веб-интерфейса",
                "from_port": -1,
                "id": "enpn5ukganf5q23l317k",
                "labels": {},
                "port": 80,
                "predefined_target": "",
                "protocol": "TCP",
                "security_group_id": "",
                "to_port": -1,
                "v4_cidr_blocks": [
                  "0.0.0.0/0"
                ],
                "v6_cidr_blocks": []
              },
              {
                "description": "Входящий от zabbix-agent'ов",
                "from_port": -1,
                "id": "enpctu4up22600ju6vrn",
                "labels": {},
                "port": 10051,
                "predefined_target": "",
                "protocol": "TCP",
                "security_group_id": "",
                "to_port": -1,
                "v4_cidr_blocks": [
                  "192.168.10.0/24",
                  "192.168.20.0/24",
                  "192.168.30.0/24"
                ],
                "v6_cidr_blocks": []
              }
            ],
            "labels": {},
            "name": "sg-zabbix",
            "network_id": "enp89buthmg20j52g2ar",
            "status": "ACTIVE",
            "timeouts": null
          },
          "sensitive_attributes": [],
          "private": "eyJlMmJmYjczMC1lY2FhLTExZTYtOGY4OC0zNDM2M2JjN2M0YzAiOnsiY3JlYXRlIjoxODAwMDAwMDAwMDAsImRlbGV0ZSI6MTgwMDAwMDAwMDAwLCJ1cGRhdGUiOjE4MDAwMDAwMDAwMH19",
          "dependencies": [
            "yandex_vpc_network.network-1"
          ]
        }
      ]
    },
    {
      "mode": "managed",
      "type": "yandex_vpc_subnet",
      "name": "subnet-main",
      "provider": "provider[\"registry.terraform.io/yandex-cloud/yandex\"]",
      "instances": [
        {
          "index_key": "subnet-1",
          "schema_version": 0,
          "attributes": {
            "created_at": "2024-02-22T15:33:59Z",
            "description": "",
            "dhcp_options": [],
            "folder_id": "b1gd90nbhjaagrfjjfel",
            "id": "e9bg21jtk9bvt8augjqe",
            "labels": {},
            "name": "subnet-1",
            "network_id": "enp89buthmg20j52g2ar",
            "route_table_id": "enpp58clf48n6qql77if",
            "timeouts": null,
            "v4_cidr_blocks": [
              "192.168.10.0/24"
            ],
            "v6_cidr_blocks": [],
            "zone": "ru-central1-a"
          },
          "sensitive_attributes": [],
          "private": "eyJlMmJmYjczMC1lY2FhLTExZTYtOGY4OC0zNDM2M2JjN2M0YzAiOnsiY3JlYXRlIjoxODAwMDAwMDAwMDAsImRlbGV0ZSI6MTgwMDAwMDAwMDAwLCJ1cGRhdGUiOjE4MDAwMDAwMDAwMH19",
          "dependencies": [
            "yandex_vpc_gateway.nat-gw",
            "yandex_vpc_network.network-1",
            "yandex_vpc_route_table.route-table"
          ]
        },
        {
          "index_key": "subnet-2",
          "schema_version": 0,
          "attributes": {
            "created_at": "2024-02-22T15:33:59Z",
            "description": "",
            "dhcp_options": [],
            "folder_id": "b1gd90nbhjaagrfjjfel",
            "id": "e2lildtta808m6del13l",
            "labels": {},
            "name": "subnet-2",
            "network_id": "enp89buthmg20j52g2ar",
            "route_table_id": "enpp58clf48n6qql77if",
            "timeouts": null,
            "v4_cidr_blocks": [
              "192.168.20.0/24"
            ],
            "v6_cidr_blocks": [],
            "zone": "ru-central1-b"
          },
          "sensitive_attributes": [],
          "private": "eyJlMmJmYjczMC1lY2FhLTExZTYtOGY4OC0zNDM2M2JjN2M0YzAiOnsiY3JlYXRlIjoxODAwMDAwMDAwMDAsImRlbGV0ZSI6MTgwMDAwMDAwMDAwLCJ1cGRhdGUiOjE4MDAwMDAwMDAwMH19",
          "dependencies": [
            "yandex_vpc_gateway.nat-gw",
            "yandex_vpc_network.network-1",
            "yandex_vpc_route_table.route-table"
          ]
        },
        {
          "index_key": "subnet-3",
          "schema_version": 0,
          "attributes": {
            "created_at": "2024-02-22T15:33:58Z",
            "description": "",
            "dhcp_options": [],
            "folder_id": "b1gd90nbhjaagrfjjfel",
            "id": "b0ci88s0e3ub895ve2g9",
            "labels": {},
            "name": "subnet-3",
            "network_id": "enp89buthmg20j52g2ar",
            "route_table_id": "enpp58clf48n6qql77if",
            "timeouts": null,
            "v4_cidr_blocks": [
              "192.168.30.0/24"
            ],
            "v6_cidr_blocks": [],
            "zone": "ru-central1-c"
          },
          "sensitive_attributes": [],
          "private": "eyJlMmJmYjczMC1lY2FhLTExZTYtOGY4OC0zNDM2M2JjN2M0YzAiOnsiY3JlYXRlIjoxODAwMDAwMDAwMDAsImRlbGV0ZSI6MTgwMDAwMDAwMDAwLCJ1cGRhdGUiOjE4MDAwMDAwMDAwMH19",
          "dependencies": [
            "yandex_vpc_gateway.nat-gw",
            "yandex_vpc_network.network-1",
            "yandex_vpc_route_table.route-table"
          ]
        }
      ]
    }
  ],
  "check_results": null
}
